
Microsoft Visual Studio Solution File, Format Version 12.00
# Visual Studio Version 16
VisualStudioVersion = 16.0.29911.84
MinimumVisualStudioVersion = 10.0.40219.1
Project("{FAE04EC0-301F-11D3-BF4B-00C04F79EFBC}") = "MVP", "MVP\MVP.csproj", "{6A92C82B-CC17-482E-955F-8B514ABDCCAE}"
EndProject
Project("{FAE04EC0-301F-11D3-BF4B-00C04F79EFBC}") = "DomainLayer", "DomainLayer\DomainLayer.csproj", "{0A4E988E-1A3B-4A61-AE68-E5EB204CA903}"
EndProject
Project("{FAE04EC0-301F-11D3-BF4B-00C04F79EFBC}") = "ServiceLayer", "ServiceLayer\ServiceLayer.csproj", "{04085C6F-95D1-4813-A19E-EEA90C527039}"
EndProject
Global
	GlobalSection(SolutionConfigurationPlatforms) = preSolution
		Debug|Any CPU = Debug|Any CPU
		Release|Any CPU = Release|Any CPU
	EndGlobalSection
	GlobalSection(ProjectConfigurationPlatforms) = postSolution
		{6A92C82B-CC17-482E-955F-8B514ABDCCAE}.Debug|Any CPU.ActiveCfg = Debug|Any CPU
		{6A92C82B-CC17-482E-955F-8B514ABDCCAE}.Debug|Any CPU.Build.0 = Debug|Any CPU
		{6A92C82B-CC17-482E-955F-8B514ABDCCAE}.Release|Any CPU.ActiveCfg = Release|Any CPU
		{6A92C82B-CC17-482E-955F-8B514ABDCCAE}.Release|Any CPU.Build.0 = Release|Any CPU
		{0A4E988E-1A3B-4A61-AE68-E5EB204CA903}.Debug|Any CPU.ActiveCfg = Debug|Any CPU
		{0A4E988E-1A3B-4A61-AE68-E5EB204CA903}.Debug|Any CPU.Build.0 = Debug|Any CPU
		{0A4E988E-1A3B-4A61-AE68-E5EB204CA903}.Release|Any CPU.ActiveCfg = Release|Any CPU
		{0A4E988E-1A3B-4A61-AE68-E5EB204CA903}.Release|Any CPU.Build.0 = Release|Any CPU
		{04085C6F-95D1-4813-A19E-EEA90C527039}.Debug|Any CPU.ActiveCfg = Debug|Any CPU
		{04085C6F-95D1-4813-A19E-EEA90C527039}.Debug|Any CPU.Build.0 = Debug|Any CPU
		{04085C6F-95D1-4813-A19E-EEA90C527039}.Release|Any CPU.ActiveCfg = Release|Any CPU
		{04085C6F-95D1-4813-A19E-EEA90C527039}.Release|Any CPU.Build.0 = Release|Any CPU
	EndGlobalSection
	GlobalSection(SolutionProperties) = preSolution
		HideSolutionNode = FALSE
	EndGlobalSection
	GlobalSection(ExtensibilityGlobals) = postSolution
		SolutionGuid = {204A4B00-AF6B-4634-A13E-3F42C040F76F}
	EndGlobalSection
EndGlobal
